
Microsoft Visual Studio Solution File, Format Version 12.00
# Visual Studio Version 17
VisualStudioVersion = 17.11.35219.272
MinimumVisualStudioVersion = 10.0.40219.1
Project("{FAE04EC0-301F-11D3-BF4B-00C04F79EFBC}") = "Verwaltung_HomExtra", "Verwaltung_HomExtra\Verwaltung_HomExtra.csproj", "{8C3D86C0-262F-42BA-927A-51AFAB3BD930}"
EndProject
Project("{FAE04EC0-301F-11D3-BF4B-00C04F79EFBC}") = "Verwaltung_Homextra_14-011-25", "Verwaltung_Homextra_14-011-25\Verwaltung_Homextra_14-011-25.csproj", "{9D2C3E86-76B9-440C-A5BE-E4AA197EC53E}"
EndProject
Global
	GlobalSection(SolutionConfigurationPlatforms) = preSolution
		Debug|Any CPU = Debug|Any CPU
		Release|Any CPU = Release|Any CPU
	EndGlobalSection
	GlobalSection(ProjectConfigurationPlatforms) = postSolution
		{8C3D86C0-262F-42BA-927A-51AFAB3BD930}.Debug|Any CPU.ActiveCfg = Debug|Any CPU
		{8C3D86C0-262F-42BA-927A-51AFAB3BD930}.Debug|Any CPU.Build.0 = Debug|Any CPU
		{8C3D86C0-262F-42BA-927A-51AFAB3BD930}.Release|Any CPU.ActiveCfg = Release|Any CPU
		{8C3D86C0-262F-42BA-927A-51AFAB3BD930}.Release|Any CPU.Build.0 = Release|Any CPU
		{9D2C3E86-76B9-440C-A5BE-E4AA197EC53E}.Debug|Any CPU.ActiveCfg = Debug|Any CPU
		{9D2C3E86-76B9-440C-A5BE-E4AA197EC53E}.Debug|Any CPU.Build.0 = Debug|Any CPU
		{9D2C3E86-76B9-440C-A5BE-E4AA197EC53E}.Release|Any CPU.ActiveCfg = Release|Any CPU
		{9D2C3E86-76B9-440C-A5BE-E4AA197EC53E}.Release|Any CPU.Build.0 = Release|Any CPU
	EndGlobalSection
	GlobalSection(SolutionProperties) = preSolution
		HideSolutionNode = FALSE
	EndGlobalSection
	GlobalSection(ExtensibilityGlobals) = postSolution
		SolutionGuid = {E6BDB254-A41D-46BD-92F3-B3F5C341B674}
	EndGlobalSection
EndGlobal
